// !$*UTF8*$!
{
	archiveVersion = 1;
	classes = {
	};
	objectVersion = 50;
	objects = {

/* Begin PBXBuildFile section */
		0D45615F25E3143000BF94CC /* Sparks.sks in Resources */ = {isa = PBXBuildFile; fileRef = 0D45615E25E3143000BF94CC /* Sparks.sks */; };
		0D45616025E3143000BF94CC /* Sparks.sks in Resources */ = {isa = PBXBuildFile; fileRef = 0D45615E25E3143000BF94CC /* Sparks.sks */; };
		0D45616425E3144900BF94CC /* Win.sks in Resources */ = {isa = PBXBuildFile; fileRef = 0D45616325E3144900BF94CC /* Win.sks */; };
		0D45616525E3144900BF94CC /* Win.sks in Resources */ = {isa = PBXBuildFile; fileRef = 0D45616325E3144900BF94CC /* Win.sks */; };
		0D45616925E3156000BF94CC /* WinView.swift in Sources */ = {isa = PBXBuildFile; fileRef = 0D45616825E3156000BF94CC /* WinView.swift */; };
		0D45616A25E3156000BF94CC /* WinView.swift in Sources */ = {isa = PBXBuildFile; fileRef = 0D45616825E3156000BF94CC /* WinView.swift */; };
		0DADBE1925E03563005214EC /* MatchingGameApp.swift in Sources */ = {isa = PBXBuildFile; fileRef = 0DADBE0625E03561005214EC /* MatchingGameApp.swift */; };
		0DADBE1A25E03563005214EC /* MatchingGameApp.swift in Sources */ = {isa = PBXBuildFile; fileRef = 0DADBE0625E03561005214EC /* MatchingGameApp.swift */; };
		0DADBE1B25E03563005214EC /* ContentView.swift in Sources */ = {isa = PBXBuildFile; fileRef = 0DADBE0725E03561005214EC /* ContentView.swift */; };
		0DADBE1C25E03563005214EC /* ContentView.swift in Sources */ = {isa = PBXBuildFile; fileRef = 0DADBE0725E03561005214EC /* ContentView.swift */; };
		0DADBE1D25E03563005214EC /* Assets.xcassets in Resources */ = {isa = PBXBuildFile; fileRef = 0DADBE0825E03563005214EC /* Assets.xcassets */; };
		0DADBE1E25E03563005214EC /* Assets.xcassets in Resources */ = {isa = PBXBuildFile; fileRef = 0DADBE0825E03563005214EC /* Assets.xcassets */; };
		0DADBE2A25E0682C005214EC /* Game.swift in Sources */ = {isa = PBXBuildFile; fileRef = 0DADBE2925E0682C005214EC /* Game.swift */; };
		0DADBE2B25E0682C005214EC /* Game.swift in Sources */ = {isa = PBXBuildFile; fileRef = 0DADBE2925E0682C005214EC /* Game.swift */; };
/* End PBXBuildFile section */

/* Begin PBXFileReference section */
		0D45615E25E3143000BF94CC /* Sparks.sks */ = {isa = PBXFileReference; lastKnownFileType = file.sks; path = Sparks.sks; sourceTree = "<group>"; };
		0D45616325E3144900BF94CC /* Win.sks */ = {isa = PBXFileReference; lastKnownFileType = file.sks; path = Win.sks; sourceTree = "<group>"; };
		0D45616825E3156000BF94CC /* WinView.swift */ = {isa = PBXFileReference; lastKnownFileType = sourcecode.swift; path = WinView.swift; sourceTree = "<group>"; };
		0DADBE0625E03561005214EC /* MatchingGameApp.swift */ = {isa = PBXFileReference; lastKnownFileType = sourcecode.swift; path = MatchingGameApp.swift; sourceTree = "<group>"; };
		0DADBE0725E03561005214EC /* ContentView.swift */ = {isa = PBXFileReference; lastKnownFileType = sourcecode.swift; path = ContentView.swift; sourceTree = "<group>"; };
		0DADBE0825E03563005214EC /* Assets.xcassets */ = {isa = PBXFileReference; lastKnownFileType = folder.assetcatalog; path = Assets.xcassets; sourceTree = "<group>"; };
		0DADBE0D25E03563005214EC /* MatchingGame.app */ = {isa = PBXFileReference; explicitFileType = wrapper.application; includeInIndex = 0; path = MatchingGame.app; sourceTree = BUILT_PRODUCTS_DIR; };
		0DADBE1025E03563005214EC /* Info.plist */ = {isa = PBXFileReference; lastKnownFileType = text.plist.xml; path = Info.plist; sourceTree = "<group>"; };
		0DADBE1525E03563005214EC /* MatchingGame.app */ = {isa = PBXFileReference; explicitFileType = wrapper.application; includeInIndex = 0; path = MatchingGame.app; sourceTree = BUILT_PRODUCTS_DIR; };
		0DADBE1725E03563005214EC /* Info.plist */ = {isa = PBXFileReference; lastKnownFileType = text.plist.xml; path = Info.plist; sourceTree = "<group>"; };
		0DADBE1825E03563005214EC /* macOS.entitlements */ = {isa = PBXFileReference; lastKnownFileType = text.plist.entitlements; path = macOS.entitlements; sourceTree = "<group>"; };
		0DADBE2925E0682C005214EC /* Game.swift */ = {isa = PBXFileReference; lastKnownFileType = sourcecode.swift; path = Game.swift; sourceTree = "<group>"; };
/* End PBXFileReference section */

/* Begin PBXFrameworksBuildPhase section */
		0DADBE0A25E03563005214EC /* Frameworks */ = {
			isa = PBXFrameworksBuildPhase;
			buildActionMask = 2147483647;
			files = (
			);
			runOnlyForDeploymentPostprocessing = 0;
		};
		0DADBE1225E03563005214EC /* Frameworks */ = {
			isa = PBXFrameworksBuildPhase;
			buildActionMask = 2147483647;
			files = (
			);
			runOnlyForDeploymentPostprocessing = 0;
		};
/* End PBXFrameworksBuildPhase section */

/* Begin PBXGroup section */
		0DADBE0025E03561005214EC = {
			isa = PBXGroup;
			children = (
				0DADBE0525E03561005214EC /* Shared */,
				0DADBE0F25E03563005214EC /* iOS */,
				0DADBE1625E03563005214EC /* macOS */,
				0DADBE0E25E03563005214EC /* Products */,
			);
			sourceTree = "<group>";
		};
		0DADBE0525E03561005214EC /* Shared */ = {
			isa = PBXGroup;
			children = (
				0DADBE0625E03561005214EC /* MatchingGameApp.swift */,
				0DADBE2925E0682C005214EC /* Game.swift */,
				0D45616825E3156000BF94CC /* WinView.swift */,
				0DADBE0725E03561005214EC /* ContentView.swift */,
				0DADBE0825E03563005214EC /* Assets.xcassets */,
				0D45615E25E3143000BF94CC /* Sparks.sks */,
				0D45616325E3144900BF94CC /* Win.sks */,
			);
			path = Shared;
			sourceTree = "<group>";
		};
		0DADBE0E25E03563005214EC /* Products */ = {
			isa = PBXGroup;
			children = (
				0DADBE0D25E03563005214EC /* MatchingGame.app */,
				0DADBE1525E03563005214EC /* MatchingGame.app */,
			);
			name = Products;
			sourceTree = "<group>";
		};
		0DADBE0F25E03563005214EC /* iOS */ = {
			isa = PBXGroup;
			children = (
				0DADBE1025E03563005214EC /* Info.plist */,
			);
			path = iOS;
			sourceTree = "<group>";
		};
		0DADBE1625E03563005214EC /* macOS */ = {
			isa = PBXGroup;
			children = (
				0DADBE1725E03563005214EC /* Info.plist */,
				0DADBE1825E03563005214EC /* macOS.entitlements */,
			);
			path = macOS;
			sourceTree = "<group>";
		};
/* End PBXGroup section */

/* Begin PBXNativeTarget section */
		0DADBE0C25E03563005214EC /* MatchingGame (iOS) */ = {
			isa = PBXNativeTarget;
			buildConfigurationList = 0DADBE2125E03563005214EC /* Build configuration list for PBXNativeTarget "MatchingGame (iOS)" */;
			buildPhases = (
				0DADBE0925E03563005214EC /* Sources */,
				0DADBE0A25E03563005214EC /* Frameworks */,
				0DADBE0B25E03563005214EC /* Resources */,
			);
			buildRules = (
			);
			dependencies = (
			);
			name = "MatchingGame (iOS)";
			productName = "MatchingGame (iOS)";
			productReference = 0DADBE0D25E03563005214EC /* MatchingGame.app */;
			productType = "com.apple.product-type.application";
		};
		0DADBE1425E03563005214EC /* MatchingGame (macOS) */ = {
			isa = PBXNativeTarget;
			buildConfigurationList = 0DADBE2425E03563005214EC /* Build configuration list for PBXNativeTarget "MatchingGame (macOS)" */;
			buildPhases = (
				0DADBE1125E03563005214EC /* Sources */,
				0DADBE1225E03563005214EC /* Frameworks */,
				0DADBE1325E03563005214EC /* Resources */,
			);
			buildRules = (
			);
			dependencies = (
			);
			name = "MatchingGame (macOS)";
			productName = "MatchingGame (macOS)";
			productReference = 0DADBE1525E03563005214EC /* MatchingGame.app */;
			productType = "com.apple.product-type.application";
		};
/* End PBXNativeTarget section */

/* Begin PBXProject section */
		0DADBE0125E03561005214EC /* Project object */ = {
			isa = PBXProject;
			attributes = {
				LastSwiftUpdateCheck = 1240;
				LastUpgradeCheck = 1240;
				TargetAttributes = {
					0DADBE0C25E03563005214EC = {
						CreatedOnToolsVersion = 12.4;
					};
					0DADBE1425E03563005214EC = {
						CreatedOnToolsVersion = 12.4;
					};
				};
			};
			buildConfigurationList = 0DADBE0425E03561005214EC /* Build configuration list for PBXProject "MatchingGame" */;
			compatibilityVersion = "Xcode 9.3";
			developmentRegion = en;
			hasScannedForEncodings = 0;
			knownRegions = (
				en,
				Base,
			);
			mainGroup = 0DADBE0025E03561005214EC;
			productRefGroup = 0DADBE0E25E03563005214EC /* Products */;
			projectDirPath = "";
			projectRoot = "";
			targets = (
				0DADBE0C25E03563005214EC /* MatchingGame (iOS) */,
				0DADBE1425E03563005214EC /* MatchingGame (macOS) */,
			);
		};
/* End PBXProject section */

/* Begin PBXResourcesBuildPhase section */
		0DADBE0B25E03563005214EC /* Resources */ = {
			isa = PBXResourcesBuildPhase;
			buildActionMask = 2147483647;
			files = (
				0D45616425E3144900BF94CC /* Win.sks in Resources */,
				0DADBE1D25E03563005214EC /* Assets.xcassets in Resources */,
				0D45615F25E3143000BF94CC /* Sparks.sks in Resources */,
			);
			runOnlyForDeploymentPostprocessing = 0;
		};
		0DADBE1325E03563005214EC /* Resources */ = {
			isa = PBXResourcesBuildPhase;
			buildActionMask = 2147483647;
			files = (
				0D45616525E3144900BF94CC /* Win.sks in Resources */,
				0DADBE1E25E03563005214EC /* Assets.xcassets in Resources */,
				0D45616025E3143000BF94CC /* Sparks.sks in Resources */,
			);
			runOnlyForDeploymentPostprocessing = 0;
		};
/* End PBXResourcesBuildPhase section */

/* Begin PBXSourcesBuildPhase section */
		0DADBE0925E03563005214EC /* Sources */ = {
			isa = PBXSourcesBuildPhase;
			buildActionMask = 2147483647;
			files = (
				0DADBE1B25E03563005214EC /* ContentView.swift in Sources */,
				0DADBE2A25E0682C005214EC /* Game.swift in Sources */,
				0D45616925E3156000BF94CC /* WinView.swift in Sources */,
				0DADBE1925E03563005214EC /* MatchingGameApp.swift in Sources */,
			);
			runOnlyForDeploymentPostprocessing = 0;
		};
		0DADBE1125E03563005214EC /* Sources */ = {
			isa = PBXSourcesBuildPhase;
			buildActionMask = 2147483647;
			files = (
				0DADBE1C25E03563005214EC /* ContentView.swift in Sources */,
				0DADBE2B25E0682C005214EC /* Game.swift in Sources */,
				0D45616A25E3156000BF94CC /* WinView.swift in Sources */,
				0DADBE1A25E03563005214EC /* MatchingGameApp.swift in Sources */,
			);
			runOnlyForDeploymentPostprocessing = 0;
		};
/* End PBXSourcesBuildPhase section */

/* Begin XCBuildConfiguration section */
		0DADBE1F25E03563005214EC /* Debug */ = {
			isa = XCBuildConfiguration;
			buildSettings = {
				ALWAYS_SEARCH_USER_PATHS = NO;
				CLANG_ANALYZER_NONNULL = YES;
				CLANG_ANALYZER_NUMBER_OBJECT_CONVERSION = YES_AGGRESSIVE;
				CLANG_CXX_LANGUAGE_STANDARD = "gnu++14";
				CLANG_CXX_LIBRARY = "libc++";
				CLANG_ENABLE_MODULES = YES;
				CLANG_ENABLE_OBJC_ARC = YES;
				CLANG_ENABLE_OBJC_WEAK = YES;
				CLANG_WARN_BLOCK_CAPTURE_AUTORELEASING = YES;
				CLANG_WARN_BOOL_CONVERSION = YES;
				CLANG_WARN_COMMA = YES;
				CLANG_WARN_CONSTANT_CONVERSION = YES;
				CLANG_WARN_DEPRECATED_OBJC_IMPLEMENTATIONS = YES;
				CLANG_WARN_DIRECT_OBJC_ISA_USAGE = YES_ERROR;
				CLANG_WARN_DOCUMENTATION_COMMENTS = YES;
				CLANG_WARN_EMPTY_BODY = YES;
				CLANG_WARN_ENUM_CONVERSION = YES;
				CLANG_WARN_INFINITE_RECURSION = YES;
				CLANG_WARN_INT_CONVERSION = YES;
				CLANG_WARN_NON_LITERAL_NULL_CONVERSION = YES;
				CLANG_WARN_OBJC_IMPLICIT_RETAIN_SELF = YES;
				CLANG_WARN_OBJC_LITERAL_CONVERSION = YES;
				CLANG_WARN_OBJC_ROOT_CLASS = YES_ERROR;
				CLANG_WARN_QUOTED_INCLUDE_IN_FRAMEWORK_HEADER = YES;
				CLANG_WARN_RANGE_LOOP_ANALYSIS = YES;
				CLANG_WARN_STRICT_PROTOTYPES = YES;
				CLANG_WARN_SUSPICIOUS_MOVE = YES;
				CLANG_WARN_UNGUARDED_AVAILABILITY = YES_AGGRESSIVE;
				CLANG_WARN_UNREACHABLE_CODE = YES;
				CLANG_WARN__DUPLICATE_METHOD_MATCH = YES;
				COPY_PHASE_STRIP = NO;
				DEBUG_INFORMATION_FORMAT = dwarf;
				ENABLE_STRICT_OBJC_MSGSEND = YES;
				ENABLE_TESTABILITY = YES;
				GCC_C_LANGUAGE_STANDARD = gnu11;
				GCC_DYNAMIC_NO_PIC = NO;
				GCC_NO_COMMON_BLOCKS = YES;
				GCC_OPTIMIZATION_LEVEL = 0;
				GCC_PREPROCESSOR_DEFINITIONS = (
					"DEBUG=1",
					"$(inherited)",
				);
				GCC_WARN_64_TO_32_BIT_CONVERSION = YES;
				GCC_WARN_ABOUT_RETURN_TYPE = YES_ERROR;
				GCC_WARN_UNDECLARED_SELECTOR = YES;
				GCC_WARN_UNINITIALIZED_AUTOS = YES_AGGRESSIVE;
				GCC_WARN_UNUSED_FUNCTION = YES;
				GCC_WARN_UNUSED_VARIABLE = YES;
				MTL_ENABLE_DEBUG_INFO = INCLUDE_SOURCE;
				MTL_FAST_MATH = YES;
				ONLY_ACTIVE_ARCH = YES;
				SWIFT_ACTIVE_COMPILATION_CONDITIONS = DEBUG;
				SWIFT_OPTIMIZATION_LEVEL = "-Onone";
			};
			name = Debug;
		};
		0DADBE2025E03563005214EC /* Release */ = {
			isa = XCBuildConfiguration;
			buildSettings = {
				ALWAYS_SEARCH_USER_PATHS = NO;
				CLANG_ANALYZER_NONNULL = YES;
				CLANG_ANALYZER_NUMBER_OBJECT_CONVERSION = YES_AGGRESSIVE;
				CLANG_CXX_LANGUAGE_STANDARD = "gnu++14";
				CLANG_CXX_LIBRARY = "libc++";
				CLANG_ENABLE_MODULES = YES;
				CLANG_ENABLE_OBJC_ARC = YES;
				CLANG_ENABLE_OBJC_WEAK = YES;
				CLANG_WARN_BLOCK_CAPTURE_AUTORELEASING = YES;
				CLANG_WARN_BOOL_CONVERSION = YES;
				CLANG_WARN_COMMA = YES;
				CLANG_WARN_CONSTANT_CONVERSION = YES;
				CLANG_WARN_DEPRECATED_OBJC_IMPLEMENTATIONS = YES;
				CLANG_WARN_DIRECT_OBJC_ISA_USAGE = YES_ERROR;
				CLANG_WARN_DOCUMENTATION_COMMENTS = YES;
				CLANG_WARN_EMPTY_BODY = YES;
				CLANG_WARN_ENUM_CONVERSION = YES;
				CLANG_WARN_INFINITE_RECURSION = YES;
				CLANG_WARN_INT_CONVERSION = YES;
				CLANG_WARN_NON_LITERAL_NULL_CONVERSION = YES;
				CLANG_WARN_OBJC_IMPLICIT_RETAIN_SELF = YES;
				CLANG_WARN_OBJC_LITERAL_CONVERSION = YES;
				CLANG_WARN_OBJC_ROOT_CLASS = YES_ERROR;
				CLANG_WARN_QUOTED_INCLUDE_IN_FRAMEWORK_HEADER = YES;
				CLANG_WARN_RANGE_LOOP_ANALYSIS = YES;
				CLANG_WARN_STRICT_PROTOTYPES = YES;
				CLANG_WARN_SUSPICIOUS_MOVE = YES;
				CLANG_WARN_UNGUARDED_AVAILABILITY = YES_AGGRESSIVE;
				CLANG_WARN_UNREACHABLE_CODE = YES;
				CLANG_WARN__DUPLICATE_METHOD_MATCH = YES;
				COPY_PHASE_STRIP = NO;
				DEBUG_INFORMATION_FORMAT = "dwarf-with-dsym";
				ENABLE_NS_ASSERTIONS = NO;
				ENABLE_STRICT_OBJC_MSGSEND = YES;
				GCC_C_LANGUAGE_STANDARD = gnu11;
				GCC_NO_COMMON_BLOCKS = YES;
				GCC_WARN_64_TO_32_BIT_CONVERSION = YES;
				GCC_WARN_ABOUT_RETURN_TYPE = YES_ERROR;
				GCC_WARN_UNDECLARED_SELECTOR = YES;
				GCC_WARN_UNINITIALIZED_AUTOS = YES_AGGRESSIVE;
				GCC_WARN_UNUSED_FUNCTION = YES;
				GCC_WARN_UNUSED_VARIABLE = YES;
				MTL_ENABLE_DEBUG_INFO = NO;
				MTL_FAST_MATH = YES;
				SWIFT_COMPILATION_MODE = wholemodule;
				SWIFT_OPTIMIZATION_LEVEL = "-O";
			};
			name = Release;
		};
		0DADBE2225E03563005214EC /* Debug */ = {
			isa = XCBuildConfiguration;
			buildSettings = {
				ASSETCATALOG_COMPILER_APPICON_NAME = AppIcon;
				ASSETCATALOG_COMPILER_GLOBAL_ACCENT_COLOR_NAME = AccentColor;
				CODE_SIGN_STYLE = Automatic;
				DEVELOPMENT_TEAM = J67PW9QQ97;
				ENABLE_PREVIEWS = YES;
				INFOPLIST_FILE = iOS/Info.plist;
				IPHONEOS_DEPLOYMENT_TARGET = 14.0;
				LD_RUNPATH_SEARCH_PATHS = (
					"$(inherited)",
					"@executable_path/Frameworks",
				);
				PRODUCT_BUNDLE_IDENTIFIER = com.rydermackay.MatchingGame;
				PRODUCT_NAME = MatchingGame;
				SDKROOT = iphoneos;
				SWIFT_VERSION = 5.0;
				TARGETED_DEVICE_FAMILY = "1,2";
			};
			name = Debug;
		};
		0DADBE2325E03563005214EC /* Release */ = {
			isa = XCBuildConfiguration;
			buildSettings = {
				ASSETCATALOG_COMPILER_APPICON_NAME = AppIcon;
				ASSETCATALOG_COMPILER_GLOBAL_ACCENT_COLOR_NAME = AccentColor;
				CODE_SIGN_STYLE = Automatic;
				DEVELOPMENT_TEAM = J67PW9QQ97;
				ENABLE_PREVIEWS = YES;
				INFOPLIST_FILE = iOS/Info.plist;
				IPHONEOS_DEPLOYMENT_TARGET = 14.0;
				LD_RUNPATH_SEARCH_PATHS = (
					"$(inherited)",
					"@executable_path/Frameworks",
				);
				PRODUCT_BUNDLE_IDENTIFIER = com.rydermackay.MatchingGame;
				PRODUCT_NAME = MatchingGame;
				SDKROOT = iphoneos;
				SWIFT_VERSION = 5.0;
				TARGETED_DEVICE_FAMILY = "1,2";
				VALIDATE_PRODUCT = YES;
			};
			name = Release;
		};
		0DADBE2525E03563005214EC /* Debug */ = {
			isa = XCBuildConfiguration;
			buildSettings = {
				ASSETCATALOG_COMPILER_APPICON_NAME = AppIcon;
				ASSETCATALOG_COMPILER_GLOBAL_ACCENT_COLOR_NAME = AccentColor;
				CODE_SIGN_ENTITLEMENTS = macOS/macOS.entitlements;
				CODE_SIGN_STYLE = Automatic;
				COMBINE_HIDPI_IMAGES = YES;
				DEVELOPMENT_TEAM = J67PW9QQ97;
				ENABLE_HARDENED_RUNTIME = YES;
				ENABLE_PREVIEWS = YES;
				INFOPLIST_FILE = macOS/Info.plist;
				LD_RUNPATH_SEARCH_PATHS = (
					"$(inherited)",
					"@executable_path/../Frameworks",
				);
				MACOSX_DEPLOYMENT_TARGET = 11.0;
				PRODUCT_BUNDLE_IDENTIFIER = com.rydermackay.MatchingGame;
				PRODUCT_NAME = MatchingGame;
				SDKROOT = macosx;
				SWIFT_VERSION = 5.0;
			};
			name = Debug;
		};
		0DADBE2625E03563005214EC /* Release */ = {
			isa = XCBuildConfiguration;
			buildSettings = {
				ASSETCATALOG_COMPILER_APPICON_NAME = AppIcon;
				ASSETCATALOG_COMPILER_GLOBAL_ACCENT_COLOR_NAME = AccentColor;
				CODE_SIGN_ENTITLEMENTS = macOS/macOS.entitlements;
				CODE_SIGN_STYLE = Automatic;
				COMBINE_HIDPI_IMAGES = YES;
				DEVELOPMENT_TEAM = J67PW9QQ97;
				ENABLE_HARDENED_RUNTIME = YES;
				ENABLE_PREVIEWS = YES;
				INFOPLIST_FILE = macOS/Info.plist;
				LD_RUNPATH_SEARCH_PATHS = (
					"$(inherited)",
					"@executable_path/../Frameworks",
				);
				MACOSX_DEPLOYMENT_TARGET = 11.0;
				PRODUCT_BUNDLE_IDENTIFIER = com.rydermackay.MatchingGame;
				PRODUCT_NAME = MatchingGame;
				SDKROOT = macosx;
				SWIFT_VERSION = 5.0;
			};
			name = Release;
		};
/* End XCBuildConfiguration section */

/* Begin XCConfigurationList section */
		0DADBE0425E03561005214EC /* Build configuration list for PBXProject "MatchingGame" */ = {
			isa = XCConfigurationList;
			buildConfigurations = (
				0DADBE1F25E03563005214EC /* Debug */,
				0DADBE2025E03563005214EC /* Release */,
			);
			defaultConfigurationIsVisible = 0;
			defaultConfigurationName = Release;
		};
		0DADBE2125E03563005214EC /* Build configuration list for PBXNativeTarget "MatchingGame (iOS)" */ = {
			isa = XCConfigurationList;
			buildConfigurations = (
				0DADBE2225E03563005214EC /* Debug */,
				0DADBE2325E03563005214EC /* Release */,
			);
			defaultConfigurationIsVisible = 0;
			defaultConfigurationName = Release;
		};
		0DADBE2425E03563005214EC /* Build configuration list for PBXNativeTarget "MatchingGame (macOS)" */ = {
			isa = XCConfigurationList;
			buildConfigurations = (
				0DADBE2525E03563005214EC /* Debug */,
				0DADBE2625E03563005214EC /* Release */,
			);
			defaultConfigurationIsVisible = 0;
			defaultConfigurationName = Release;
		};
/* End XCConfigurationList section */
	};
	rootObject = 0DADBE0125E03561005214EC /* Project object */;
}
